
Microsoft Visual Studio Solution File, Format Version 12.00
# Visual Studio Version 17
VisualStudioVersion = 17.6.33829.357
MinimumVisualStudioVersion = 10.0.40219.1
Project("{FAE04EC0-301F-11D3-BF4B-00C04F79EFBC}") = "Ecommerce", "Ecommerce.csproj", "{2859B00A-C76A-49F4-9647-04D58300F896}"
EndProject
Global
	GlobalSection(SolutionConfigurationPlatforms) = preSolution
		Debug|Any CPU = Debug|Any CPU
		Release|Any CPU = Release|Any CPU
	EndGlobalSection
	GlobalSection(ProjectConfigurationPlatforms) = postSolution
		{2859B00A-C76A-49F4-9647-04D58300F896}.Debug|Any CPU.ActiveCfg = Debug|Any CPU
		{2859B00A-C76A-49F4-9647-04D58300F896}.Debug|Any CPU.Build.0 = Debug|Any CPU
		{2859B00A-C76A-49F4-9647-04D58300F896}.Release|Any CPU.ActiveCfg = Release|Any CPU
		{2859B00A-C76A-49F4-9647-04D58300F896}.Release|Any CPU.Build.0 = Release|Any CPU
	EndGlobalSection
	GlobalSection(SolutionProperties) = preSolution
		HideSolutionNode = FALSE
	EndGlobalSection
	GlobalSection(ExtensibilityGlobals) = postSolution
		SolutionGuid = {7F74935E-8204-4452-97DB-3B575AC79A2E}
	EndGlobalSection
EndGlobal
